
Microsoft Visual Studio Solution File, Format Version 12.00
# Visual Studio Version 16
VisualStudioVersion = 16.0.808.10
MinimumVisualStudioVersion = 10.0.40219.1
Project("{FAE04EC0-301F-11D3-BF4B-00C04F79EFBC}") = "GitApp", "GitApp.csproj", "{A22BF6E2-9727-4838-A06C-852991979A3B}"
EndProject
Global
	GlobalSection(SolutionConfigurationPlatforms) = preSolution
		Debug|Any CPU = Debug|Any CPU
		Release|Any CPU = Release|Any CPU
	EndGlobalSection
	GlobalSection(ProjectConfigurationPlatforms) = postSolution
		{A22BF6E2-9727-4838-A06C-852991979A3B}.Debug|Any CPU.ActiveCfg = Debug|Any CPU
		{A22BF6E2-9727-4838-A06C-852991979A3B}.Debug|Any CPU.Build.0 = Debug|Any CPU
		{A22BF6E2-9727-4838-A06C-852991979A3B}.Release|Any CPU.ActiveCfg = Release|Any CPU
		{A22BF6E2-9727-4838-A06C-852991979A3B}.Release|Any CPU.Build.0 = Release|Any CPU
	EndGlobalSection
	GlobalSection(SolutionProperties) = preSolution
		HideSolutionNode = FALSE
	EndGlobalSection
	GlobalSection(ExtensibilityGlobals) = postSolution
		SolutionGuid = {EC60CA93-D133-49F4-BA2D-7C4E1FF22E49}
	EndGlobalSection
EndGlobal
